
Microsoft Visual Studio Solution File, Format Version 12.00
# Visual Studio 14
VisualStudioVersion = 14.0.25123.0
MinimumVisualStudioVersion = 10.0.40219.1
Project("{E24C65DC-7377-472B-9ABA-BC803B73C61A}") = "MOR_PRO", "MOR_PRO\", "{C23E52DE-890D-455B-B8E8-91606CE7CFEB}"
	ProjectSection(WebsiteProperties) = preProject
		TargetFrameworkMoniker = ".NETFramework,Version%3Dv4.5.2"
		Debug.AspNetCompiler.VirtualPath = "/localhost_60186"
		Debug.AspNetCompiler.PhysicalPath = "MOR_PRO\"
		Debug.AspNetCompiler.TargetPath = "PrecompiledWeb\localhost_60186\"
		Debug.AspNetCompiler.Updateable = "true"
		Debug.AspNetCompiler.ForceOverwrite = "true"
		Debug.AspNetCompiler.FixedNames = "false"
		Debug.AspNetCompiler.Debug = "True"
		Release.AspNetCompiler.VirtualPath = "/localhost_60186"
		Release.AspNetCompiler.PhysicalPath = "MOR_PRO\"
		Release.AspNetCompiler.TargetPath = "PrecompiledWeb\localhost_60186\"
		Release.AspNetCompiler.Updateable = "true"
		Release.AspNetCompiler.ForceOverwrite = "true"
		Release.AspNetCompiler.FixedNames = "false"
		Release.AspNetCompiler.Debug = "False"
		VWDPort = "60186"
		SlnRelativePath = "MOR_PRO\"
		DefaultWebSiteLanguage = "Visual C#"
	EndProjectSection
EndProject
Global
	GlobalSection(SolutionConfigurationPlatforms) = preSolution
		Debug|Any CPU = Debug|Any CPU
	EndGlobalSection
	GlobalSection(ProjectConfigurationPlatforms) = postSolution
		{C23E52DE-890D-455B-B8E8-91606CE7CFEB}.Debug|Any CPU.ActiveCfg = Debug|Any CPU
		{C23E52DE-890D-455B-B8E8-91606CE7CFEB}.Debug|Any CPU.Build.0 = Debug|Any CPU
	EndGlobalSection
	GlobalSection(SolutionProperties) = preSolution
		HideSolutionNode = FALSE
	EndGlobalSection
EndGlobal
